// !$*UTF8*$!
{
	archiveVersion = 1;
	classes = {
	};
	objectVersion = 46;
	objects = {

/* Begin PBXBuildFile section */
		CEA1486C1C47AC6100157D33 /* main.m in Sources */ = {isa = PBXBuildFile; fileRef = CEA1486B1C47AC6100157D33 /* main.m */; };
		CEA1486F1C47AC6100157D33 /* AppDelegate.m in Sources */ = {isa = PBXBuildFile; fileRef = CEA1486E1C47AC6100157D33 /* AppDelegate.m */; };
		CEA148721C47AC6100157D33 /* ViewController.m in Sources */ = {isa = PBXBuildFile; fileRef = CEA148711C47AC6100157D33 /* ViewController.m */; };
		CEA148751C47AC6100157D33 /* Main.storyboard in Resources */ = {isa = PBXBuildFile; fileRef = CEA148731C47AC6100157D33 /* Main.storyboard */; };
		CEA148771C47AC6100157D33 /* Assets.xcassets in Resources */ = {isa = PBXBuildFile; fileRef = CEA148761C47AC6100157D33 /* Assets.xcassets */; };
		CEA1487A1C47AC6100157D33 /* LaunchScreen.storyboard in Resources */ = {isa = PBXBuildFile; fileRef = CEA148781C47AC6100157D33 /* LaunchScreen.storyboard */; };
		CEA148841C47AC7F00157D33 /* XQExpendTextView.m in Sources */ = {isa = PBXBuildFile; fileRef = CEA148831C47AC7F00157D33 /* XQExpendTextView.m */; };
/* End PBXBuildFile section */

/* Begin PBXFileReference section */
		CEA148671C47AC6100157D33 /* ExpendTextViewDemo.app */ = {isa = PBXFileReference; explicitFileType = wrapper.application; includeInIndex = 0; path = ExpendTextViewDemo.app; sourceTree = BUILT_PRODUCTS_DIR; };
		CEA1486B1C47AC6100157D33 /* main.m */ = {isa = PBXFileReference; lastKnownFileType = sourcecode.c.objc; path = main.m; sourceTree = "<group>"; };
		CEA1486D1C47AC6100157D33 /* AppDelegate.h */ = {isa = PBXFileReference; lastKnownFileType = sourcecode.c.h; path = AppDelegate.h; sourceTree = "<group>"; };
		CEA1486E1C47AC6100157D33 /* AppDelegate.m */ = {isa = PBXFileReference; lastKnownFileType = sourcecode.c.objc; path = AppDelegate.m; sourceTree = "<group>"; };
		CEA148701C47AC6100157D33 /* ViewController.h */ = {isa = PBXFileReference; lastKnownFileType = sourcecode.c.h; path = ViewController.h; sourceTree = "<group>"; };
		CEA148711C47AC6100157D33 /* ViewController.m */ = {isa = PBXFileReference; lastKnownFileType = sourcecode.c.objc; path = ViewController.m; sourceTree = "<group>"; };
		CEA148741C47AC6100157D33 /* Base */ = {isa = PBXFileReference; lastKnownFileType = file.storyboard; name = Base; path = Base.lproj/Main.storyboard; sourceTree = "<group>"; };
		CEA148761C47AC6100157D33 /* Assets.xcassets */ = {isa = PBXFileReference; lastKnownFileType = folder.assetcatalog; path = Assets.xcassets; sourceTree = "<group>"; };
		CEA148791C47AC6100157D33 /* Base */ = {isa = PBXFileReference; lastKnownFileType = file.storyboard; name = Base; path = Base.lproj/LaunchScreen.storyboard; sourceTree = "<group>"; };
		CEA1487B1C47AC6100157D33 /* Info.plist */ = {isa = PBXFileReference; lastKnownFileType = text.plist.xml; path = Info.plist; sourceTree = "<group>"; };
		CEA148821C47AC7F00157D33 /* XQExpendTextView.h */ = {isa = PBXFileReference; fileEncoding = 4; lastKnownFileType = sourcecode.c.h; path = XQExpendTextView.h; sourceTree = "<group>"; };
		CEA148831C47AC7F00157D33 /* XQExpendTextView.m */ = {isa = PBXFileReference; fileEncoding = 4; lastKnownFileType = sourcecode.c.objc; path = XQExpendTextView.m; sourceTree = "<group>"; };
/* End PBXFileReference section */

/* Begin PBXFrameworksBuildPhase section */
		CEA148641C47AC6100157D33 /* Frameworks */ = {
			isa = PBXFrameworksBuildPhase;
			buildActionMask = 2147483647;
			files = (
			);
			runOnlyForDeploymentPostprocessing = 0;
		};
/* End PBXFrameworksBuildPhase section */

/* Begin PBXGroup section */
		CEA1485E1C47AC6100157D33 = {
			isa = PBXGroup;
			children = (
				CEA148691C47AC6100157D33 /* ExpendTextViewDemo */,
				CEA148681C47AC6100157D33 /* Products */,
			);
			sourceTree = "<group>";
		};
		CEA148681C47AC6100157D33 /* Products */ = {
			isa = PBXGroup;
			children = (
				CEA148671C47AC6100157D33 /* ExpendTextViewDemo.app */,
			);
			name = Products;
			sourceTree = "<group>";
		};
		CEA148691C47AC6100157D33 /* ExpendTextViewDemo */ = {
			isa = PBXGroup;
			children = (
				CEA148811C47AC7F00157D33 /* XQExpendTextView */,
				CEA1486D1C47AC6100157D33 /* AppDelegate.h */,
				CEA1486E1C47AC6100157D33 /* AppDelegate.m */,
				CEA148701C47AC6100157D33 /* ViewController.h */,
				CEA148711C47AC6100157D33 /* ViewController.m */,
				CEA148731C47AC6100157D33 /* Main.storyboard */,
				CEA148761C47AC6100157D33 /* Assets.xcassets */,
				CEA148781C47AC6100157D33 /* LaunchScreen.storyboard */,
				CEA1487B1C47AC6100157D33 /* Info.plist */,
				CEA1486A1C47AC6100157D33 /* Supporting Files */,
			);
			path = ExpendTextViewDemo;
			sourceTree = "<group>";
		};
		CEA1486A1C47AC6100157D33 /* Supporting Files */ = {
			isa = PBXGroup;
			children = (
				CEA1486B1C47AC6100157D33 /* main.m */,
			);
			name = "Supporting Files";
			sourceTree = "<group>";
		};
		CEA148811C47AC7F00157D33 /* XQExpendTextView */ = {
			isa = PBXGroup;
			children = (
				CEA148821C47AC7F00157D33 /* XQExpendTextView.h */,
				CEA148831C47AC7F00157D33 /* XQExpendTextView.m */,
			);
			path = XQExpendTextView;
			sourceTree = "<group>";
		};
/* End PBXGroup section */

/* Begin PBXNativeTarget section */
		CEA148661C47AC6100157D33 /* ExpendTextViewDemo */ = {
			isa = PBXNativeTarget;
			buildConfigurationList = CEA1487E1C47AC6100157D33 /* Build configuration list for PBXNativeTarget "ExpendTextViewDemo" */;
			buildPhases = (
				CEA148631C47AC6100157D33 /* Sources */,
				CEA148641C47AC6100157D33 /* Frameworks */,
				CEA148651C47AC6100157D33 /* Resources */,
			);
			buildRules = (
			);
			dependencies = (
			);
			name = ExpendTextViewDemo;
			productName = ExpendTextViewDemo;
			productReference = CEA148671C47AC6100157D33 /* ExpendTextViewDemo.app */;
			productType = "com.apple.product-type.application";
		};
/* End PBXNativeTarget section */

/* Begin PBXProject section */
		CEA1485F1C47AC6100157D33 /* Project object */ = {
			isa = PBXProject;
			attributes = {
				LastUpgradeCheck = 0720;
				ORGANIZATIONNAME = XQExpendTextView;
				TargetAttributes = {
					CEA148661C47AC6100157D33 = {
						CreatedOnToolsVersion = 7.2;
					};
				};
			};
			buildConfigurationList = CEA148621C47AC6100157D33 /* Build configuration list for PBXProject "ExpendTextViewDemo" */;
			compatibilityVersion = "Xcode 3.2";
			developmentRegion = English;
			hasScannedForEncodings = 0;
			knownRegions = (
				en,
				Base,
			);
			mainGroup = CEA1485E1C47AC6100157D33;
			productRefGroup = CEA148681C47AC6100157D33 /* Products */;
			projectDirPath = "";
			projectRoot = "";
			targets = (
				CEA148661C47AC6100157D33 /* ExpendTextViewDemo */,
			);
		};
/* End PBXProject section */

/* Begin PBXResourcesBuildPhase section */
		CEA148651C47AC6100157D33 /* Resources */ = {
			isa = PBXResourcesBuildPhase;
			buildActionMask = 2147483647;
			files = (
				CEA1487A1C47AC6100157D33 /* LaunchScreen.storyboard in Resources */,
				CEA148771C47AC6100157D33 /* Assets.xcassets in Resources */,
				CEA148751C47AC6100157D33 /* Main.storyboard in Resources */,
			);
			runOnlyForDeploymentPostprocessing = 0;
		};
/* End PBXResourcesBuildPhase section */

/* Begin PBXSourcesBuildPhase section */
		CEA148631C47AC6100157D33 /* Sources */ = {
			isa = PBXSourcesBuildPhase;
			buildActionMask = 2147483647;
			files = (
				CEA148721C47AC6100157D33 /* ViewController.m in Sources */,
				CEA1486F1C47AC6100157D33 /* AppDelegate.m in Sources */,
				CEA148841C47AC7F00157D33 /* XQExpendTextView.m in Sources */,
				CEA1486C1C47AC6100157D33 /* main.m in Sources */,
			);
			runOnlyForDeploymentPostprocessing = 0;
		};
/* End PBXSourcesBuildPhase section */

/* Begin PBXVariantGroup section */
		CEA148731C47AC6100157D33 /* Main.storyboard */ = {
			isa = PBXVariantGroup;
			children = (
				CEA148741C47AC6100157D33 /* Base */,
			);
			name = Main.storyboard;
			sourceTree = "<group>";
		};
		CEA148781C47AC6100157D33 /* LaunchScreen.storyboard */ = {
			isa = PBXVariantGroup;
			children = (
				CEA148791C47AC6100157D33 /* Base */,
			);
			name = LaunchScreen.storyboard;
			sourceTree = "<group>";
		};
/* End PBXVariantGroup section */

/* Begin XCBuildConfiguration section */
		CEA1487C1C47AC6100157D33 /* Debug */ = {
			isa = XCBuildConfiguration;
			buildSettings = {
				ALWAYS_SEARCH_USER_PATHS = NO;
				CLANG_CXX_LANGUAGE_STANDARD = "gnu++0x";
				CLANG_CXX_LIBRARY = "libc++";
				CLANG_ENABLE_MODULES = YES;
				CLANG_ENABLE_OBJC_ARC = YES;
				CLANG_WARN_BOOL_CONVERSION = YES;
				CLANG_WARN_CONSTANT_CONVERSION = YES;
				CLANG_WARN_DIRECT_OBJC_ISA_USAGE = YES_ERROR;
				CLANG_WARN_EMPTY_BODY = YES;
				CLANG_WARN_ENUM_CONVERSION = YES;
				CLANG_WARN_INT_CONVERSION = YES;
				CLANG_WARN_OBJC_ROOT_CLASS = YES_ERROR;
				CLANG_WARN_UNREACHABLE_CODE = YES;
				CLANG_WARN__DUPLICATE_METHOD_MATCH = YES;
				"CODE_SIGN_IDENTITY[sdk=iphoneos*]" = "iPhone Developer";
				COPY_PHASE_STRIP = NO;
				DEBUG_INFORMATION_FORMAT = dwarf;
				ENABLE_STRICT_OBJC_MSGSEND = YES;
				ENABLE_TESTABILITY = YES;
				GCC_C_LANGUAGE_STANDARD = gnu99;
				GCC_DYNAMIC_NO_PIC = NO;
				GCC_NO_COMMON_BLOCKS = YES;
				GCC_OPTIMIZATION_LEVEL = 0;
				GCC_PREPROCESSOR_DEFINITIONS = (
					"DEBUG=1",
					"$(inherited)",
				);
				GCC_WARN_64_TO_32_BIT_CONVERSION = YES;
				GCC_WARN_ABOUT_RETURN_TYPE = YES_ERROR;
				GCC_WARN_UNDECLARED_SELECTOR = YES;
				GCC_WARN_UNINITIALIZED_AUTOS = YES_AGGRESSIVE;
				GCC_WARN_UNUSED_FUNCTION = YES;
				GCC_WARN_UNUSED_VARIABLE = YES;
				IPHONEOS_DEPLOYMENT_TARGET = 9.2;
				MTL_ENABLE_DEBUG_INFO = YES;
				ONLY_ACTIVE_ARCH = YES;
				SDKROOT = iphoneos;
				TARGETED_DEVICE_FAMILY = "1,2";
			};
			name = Debug;
		};
		CEA1487D1C47AC6100157D33 /* Release */ = {
			isa = XCBuildConfiguration;
			buildSettings = {
				ALWAYS_SEARCH_USER_PATHS = NO;
				CLANG_CXX_LANGUAGE_STANDARD = "gnu++0x";
				CLANG_CXX_LIBRARY = "libc++";
				CLANG_ENABLE_MODULES = YES;
				CLANG_ENABLE_OBJC_ARC = YES;
				CLANG_WARN_BOOL_CONVERSION = YES;
				CLANG_WARN_CONSTANT_CONVERSION = YES;
				CLANG_WARN_DIRECT_OBJC_ISA_USAGE = YES_ERROR;
				CLANG_WARN_EMPTY_BODY = YES;
				CLANG_WARN_ENUM_CONVERSION = YES;
				CLANG_WARN_INT_CONVERSION = YES;
				CLANG_WARN_OBJC_ROOT_CLASS = YES_ERROR;
				CLANG_WARN_UNREACHABLE_CODE = YES;
				CLANG_WARN__DUPLICATE_METHOD_MATCH = YES;
				"CODE_SIGN_IDENTITY[sdk=iphoneos*]" = "iPhone Developer";
				COPY_PHASE_STRIP = NO;
				DEBUG_INFORMATION_FORMAT = "dwarf-with-dsym";
				ENABLE_NS_ASSERTIONS = NO;
				ENABLE_STRICT_OBJC_MSGSEND = YES;
				GCC_C_LANGUAGE_STANDARD = gnu99;
				GCC_NO_COMMON_BLOCKS = YES;
				GCC_WARN_64_TO_32_BIT_CONVERSION = YES;
				GCC_WARN_ABOUT_RETURN_TYPE = YES_ERROR;
				GCC_WARN_UNDECLARED_SELECTOR = YES;
				GCC_WARN_UNINITIALIZED_AUTOS = YES_AGGRESSIVE;
				GCC_WARN_UNUSED_FUNCTION = YES;
				GCC_WARN_UNUSED_VARIABLE = YES;
				IPHONEOS_DEPLOYMENT_TARGET = 9.2;
				MTL_ENABLE_DEBUG_INFO = NO;
				SDKROOT = iphoneos;
				TARGETED_DEVICE_FAMILY = "1,2";
				VALIDATE_PRODUCT = YES;
			};
			name = Release;
		};
		CEA1487F1C47AC6100157D33 /* Debug */ = {
			isa = XCBuildConfiguration;
			buildSettings = {
				ASSETCATALOG_COMPILER_APPICON_NAME = AppIcon;
				INFOPLIST_FILE = ExpendTextViewDemo/Info.plist;
				LD_RUNPATH_SEARCH_PATHS = "$(inherited) @executable_path/Frameworks";
				PRODUCT_BUNDLE_IDENTIFIER = com.zgy.www.ExpendTextViewDemo;
				PRODUCT_NAME = "$(TARGET_NAME)";
			};
			name = Debug;
		};
		CEA148801C47AC6100157D33 /* Release */ = {
			isa = XCBuildConfiguration;
			buildSettings = {
				ASSETCATALOG_COMPILER_APPICON_NAME = AppIcon;
				INFOPLIST_FILE = ExpendTextViewDemo/Info.plist;
				LD_RUNPATH_SEARCH_PATHS = "$(inherited) @executable_path/Frameworks";
				PRODUCT_BUNDLE_IDENTIFIER = com.zgy.www.ExpendTextViewDemo;
				PRODUCT_NAME = "$(TARGET_NAME)";
			};
			name = Release;
		};
/* End XCBuildConfiguration section */

/* Begin XCConfigurationList section */
		CEA148621C47AC6100157D33 /* Build configuration list for PBXProject "ExpendTextViewDemo" */ = {
			isa = XCConfigurationList;
			buildConfigurations = (
				CEA1487C1C47AC6100157D33 /* Debug */,
				CEA1487D1C47AC6100157D33 /* Release */,
			);
			defaultConfigurationIsVisible = 0;
			defaultConfigurationName = Release;
		};
		CEA1487E1C47AC6100157D33 /* Build configuration list for PBXNativeTarget "ExpendTextViewDemo" */ = {
			isa = XCConfigurationList;
			buildConfigurations = (
				CEA1487F1C47AC6100157D33 /* Debug */,
				CEA148801C47AC6100157D33 /* Release */,
			);
			defaultConfigurationIsVisible = 0;
		};
/* End XCConfigurationList section */
	};
	rootObject = CEA1485F1C47AC6100157D33 /* Project object */;
}
